
Microsoft Visual Studio Solution File, Format Version 12.00
# Visual Studio Version 16
VisualStudioVersion = 16.0.29215.179
MinimumVisualStudioVersion = 10.0.40219.1
Project("{9A19103F-16F7-4668-BE54-9A1E7A4F7556}") = "ScimReferenceApi", "ScimReferenceApi\ScimReferenceApi.csproj", "{F79FD024-3EAC-47DC-AFE4-F4B49DE8D9DF}"
EndProject
Global
	GlobalSection(SolutionConfigurationPlatforms) = preSolution
		Debug|Any CPU = Debug|Any CPU
		Release|Any CPU = Release|Any CPU
	EndGlobalSection
	GlobalSection(ProjectConfigurationPlatforms) = postSolution
		{F79FD024-3EAC-47DC-AFE4-F4B49DE8D9DF}.Debug|Any CPU.ActiveCfg = Debug|Any CPU
		{F79FD024-3EAC-47DC-AFE4-F4B49DE8D9DF}.Debug|Any CPU.Build.0 = Debug|Any CPU
		{F79FD024-3EAC-47DC-AFE4-F4B49DE8D9DF}.Release|Any CPU.ActiveCfg = Release|Any CPU
		{F79FD024-3EAC-47DC-AFE4-F4B49DE8D9DF}.Release|Any CPU.Build.0 = Release|Any CPU
	EndGlobalSection
	GlobalSection(SolutionProperties) = preSolution
		HideSolutionNode = FALSE
	EndGlobalSection
	GlobalSection(ExtensibilityGlobals) = postSolution
		SolutionGuid = {39B5F253-D0E3-4C16-BCE0-A4D3D489EAA1}
	EndGlobalSection
EndGlobal
